
Microsoft Visual Studio Solution File, Format Version 12.00
# Visual Studio Version 17
VisualStudioVersion = 17.4.33205.214
MinimumVisualStudioVersion = 10.0.40219.1
Project("{8BC9CEB8-8B4A-11D0-8D11-00A0C91BC942}") = "DPCPPConsoleApplication1", "DPCPPConsoleApplication1\DPCPPConsoleApplication1.vcxproj", "{126A8870-80E3-4E92-A666-E40179FC8394}"
EndProject
Global
	GlobalSection(SolutionConfigurationPlatforms) = preSolution
		Debug|x64 = Debug|x64
		Release|x64 = Release|x64
	EndGlobalSection
	GlobalSection(ProjectConfigurationPlatforms) = postSolution
		{126A8870-80E3-4E92-A666-E40179FC8394}.Debug|x64.ActiveCfg = Debug|x64
		{126A8870-80E3-4E92-A666-E40179FC8394}.Debug|x64.Build.0 = Debug|x64
		{126A8870-80E3-4E92-A666-E40179FC8394}.Release|x64.ActiveCfg = Release|x64
		{126A8870-80E3-4E92-A666-E40179FC8394}.Release|x64.Build.0 = Release|x64
	EndGlobalSection
	GlobalSection(SolutionProperties) = preSolution
		HideSolutionNode = FALSE
	EndGlobalSection
	GlobalSection(ExtensibilityGlobals) = postSolution
		SolutionGuid = {FF680EA9-BCC5-4001-9D0C-4F60D1B9CD3B}
	EndGlobalSection
EndGlobal
